
Microsoft Visual Studio Solution File, Format Version 12.00
# Visual Studio Version 17
VisualStudioVersion = 17.7.34024.191
MinimumVisualStudioVersion = 10.0.40219.1
Project("{FAE04EC0-301F-11D3-BF4B-00C04F79EFBC}") = "Task1", "SoftServeEntryTasks\Task1.csproj", "{104F724B-3B61-472F-9F68-472E1A524254}"
EndProject
Project("{FAE04EC0-301F-11D3-BF4B-00C04F79EFBC}") = "Task2", "Task2\Task2.csproj", "{4554FC5C-FCB5-4702-BEAE-9C9FFE72D319}"
EndProject
Project("{FAE04EC0-301F-11D3-BF4B-00C04F79EFBC}") = "Task3", "Task3\Task3.csproj", "{70A2A454-187B-4DAA-AA45-F428C0782113}"
EndProject
Project("{FAE04EC0-301F-11D3-BF4B-00C04F79EFBC}") = "Task4", "Task4\Task4.csproj", "{78C19508-B0E6-4FE9-8836-F349055CAB22}"
EndProject
Global
	GlobalSection(SolutionConfigurationPlatforms) = preSolution
		Debug|Any CPU = Debug|Any CPU
		Release|Any CPU = Release|Any CPU
	EndGlobalSection
	GlobalSection(ProjectConfigurationPlatforms) = postSolution
		{104F724B-3B61-472F-9F68-472E1A524254}.Debug|Any CPU.ActiveCfg = Debug|Any CPU
		{104F724B-3B61-472F-9F68-472E1A524254}.Debug|Any CPU.Build.0 = Debug|Any CPU
		{104F724B-3B61-472F-9F68-472E1A524254}.Release|Any CPU.ActiveCfg = Release|Any CPU
		{104F724B-3B61-472F-9F68-472E1A524254}.Release|Any CPU.Build.0 = Release|Any CPU
		{4554FC5C-FCB5-4702-BEAE-9C9FFE72D319}.Debug|Any CPU.ActiveCfg = Debug|Any CPU
		{4554FC5C-FCB5-4702-BEAE-9C9FFE72D319}.Debug|Any CPU.Build.0 = Debug|Any CPU
		{4554FC5C-FCB5-4702-BEAE-9C9FFE72D319}.Release|Any CPU.ActiveCfg = Release|Any CPU
		{4554FC5C-FCB5-4702-BEAE-9C9FFE72D319}.Release|Any CPU.Build.0 = Release|Any CPU
		{70A2A454-187B-4DAA-AA45-F428C0782113}.Debug|Any CPU.ActiveCfg = Debug|Any CPU
		{70A2A454-187B-4DAA-AA45-F428C0782113}.Debug|Any CPU.Build.0 = Debug|Any CPU
		{70A2A454-187B-4DAA-AA45-F428C0782113}.Release|Any CPU.ActiveCfg = Release|Any CPU
		{70A2A454-187B-4DAA-AA45-F428C0782113}.Release|Any CPU.Build.0 = Release|Any CPU
		{78C19508-B0E6-4FE9-8836-F349055CAB22}.Debug|Any CPU.ActiveCfg = Debug|Any CPU
		{78C19508-B0E6-4FE9-8836-F349055CAB22}.Debug|Any CPU.Build.0 = Debug|Any CPU
		{78C19508-B0E6-4FE9-8836-F349055CAB22}.Release|Any CPU.ActiveCfg = Release|Any CPU
		{78C19508-B0E6-4FE9-8836-F349055CAB22}.Release|Any CPU.Build.0 = Release|Any CPU
	EndGlobalSection
	GlobalSection(SolutionProperties) = preSolution
		HideSolutionNode = FALSE
	EndGlobalSection
	GlobalSection(ExtensibilityGlobals) = postSolution
		SolutionGuid = {CBCC8A07-7337-4B58-8CE2-AB0C0E2D1D51}
	EndGlobalSection
EndGlobal
